// !$*UTF8*$!
{
	archiveVersion = 1;
	classes = {
	};
	objectVersion = 50;
	objects = {

/* Begin PBXBuildFile section */
		6346580920C5651A00F5933C /* AppDelegate.swift in Sources */ = {isa = PBXBuildFile; fileRef = 6346580820C5651A00F5933C /* AppDelegate.swift */; };
		6346580B20C5651A00F5933C /* ViewController.swift in Sources */ = {isa = PBXBuildFile; fileRef = 6346580A20C5651A00F5933C /* ViewController.swift */; };
		6346580E20C5651A00F5933C /* Main.storyboard in Resources */ = {isa = PBXBuildFile; fileRef = 6346580C20C5651A00F5933C /* Main.storyboard */; };
		6346581120C5651A00F5933C /* APP.xcdatamodeld in Sources */ = {isa = PBXBuildFile; fileRef = 6346580F20C5651A00F5933C /* APP.xcdatamodeld */; };
		6346581320C5651C00F5933C /* Assets.xcassets in Resources */ = {isa = PBXBuildFile; fileRef = 6346581220C5651C00F5933C /* Assets.xcassets */; };
		6346581620C5651C00F5933C /* LaunchScreen.storyboard in Resources */ = {isa = PBXBuildFile; fileRef = 6346581420C5651C00F5933C /* LaunchScreen.storyboard */; };
		6346582120C5651C00F5933C /* APPTests.swift in Sources */ = {isa = PBXBuildFile; fileRef = 6346582020C5651C00F5933C /* APPTests.swift */; };
		6346582C20C5651C00F5933C /* APPUITests.swift in Sources */ = {isa = PBXBuildFile; fileRef = 6346582B20C5651C00F5933C /* APPUITests.swift */; };
		6346583A20CEDACC00F5933C /* パリン.jpg in Resources */ = {isa = PBXBuildFile; fileRef = 6346583920CEDACC00F5933C /* パリン.jpg */; };
		6346583F20CEDADE00F5933C /* リラーロン.jpg in Resources */ = {isa = PBXBuildFile; fileRef = 6346583B20CEDADD00F5933C /* リラーロン.jpg */; };
		6346584020CEDADE00F5933C /* ミュウ.bmp in Resources */ = {isa = PBXBuildFile; fileRef = 6346583C20CEDADD00F5933C /* ミュウ.bmp */; };
		6346584120CEDADE00F5933C /* ふぅあいやーーー.jpg in Resources */ = {isa = PBXBuildFile; fileRef = 6346583D20CEDADD00F5933C /* ふぅあいやーーー.jpg */; };
		6346584220CEDADE00F5933C /* ぷりん.jpg in Resources */ = {isa = PBXBuildFile; fileRef = 6346583E20CEDADE00F5933C /* ぷりん.jpg */; };
/* End PBXBuildFile section */

/* Begin PBXContainerItemProxy section */
		6346581D20C5651C00F5933C /* PBXContainerItemProxy */ = {
			isa = PBXContainerItemProxy;
			containerPortal = 634657FD20C5651A00F5933C /* Project object */;
			proxyType = 1;
			remoteGlobalIDString = 6346580420C5651A00F5933C;
			remoteInfo = APP;
		};
		6346582820C5651C00F5933C /* PBXContainerItemProxy */ = {
			isa = PBXContainerItemProxy;
			containerPortal = 634657FD20C5651A00F5933C /* Project object */;
			proxyType = 1;
			remoteGlobalIDString = 6346580420C5651A00F5933C;
			remoteInfo = APP;
		};
/* End PBXContainerItemProxy section */

/* Begin PBXFileReference section */
		6346580520C5651A00F5933C /* APP.app */ = {isa = PBXFileReference; explicitFileType = wrapper.application; includeInIndex = 0; path = APP.app; sourceTree = BUILT_PRODUCTS_DIR; };
		6346580820C5651A00F5933C /* AppDelegate.swift */ = {isa = PBXFileReference; lastKnownFileType = sourcecode.swift; path = AppDelegate.swift; sourceTree = "<group>"; };
		6346580A20C5651A00F5933C /* ViewController.swift */ = {isa = PBXFileReference; lastKnownFileType = sourcecode.swift; path = ViewController.swift; sourceTree = "<group>"; };
		6346580D20C5651A00F5933C /* Base */ = {isa = PBXFileReference; lastKnownFileType = file.storyboard; name = Base; path = Base.lproj/Main.storyboard; sourceTree = "<group>"; };
		6346581020C5651A00F5933C /* APP.xcdatamodel */ = {isa = PBXFileReference; lastKnownFileType = wrapper.xcdatamodel; path = APP.xcdatamodel; sourceTree = "<group>"; };
		6346581220C5651C00F5933C /* Assets.xcassets */ = {isa = PBXFileReference; lastKnownFileType = folder.assetcatalog; path = Assets.xcassets; sourceTree = "<group>"; };
		6346581520C5651C00F5933C /* Base */ = {isa = PBXFileReference; lastKnownFileType = file.storyboard; name = Base; path = Base.lproj/LaunchScreen.storyboard; sourceTree = "<group>"; };
		6346581720C5651C00F5933C /* Info.plist */ = {isa = PBXFileReference; lastKnownFileType = text.plist.xml; path = Info.plist; sourceTree = "<group>"; };
		6346581C20C5651C00F5933C /* APPTests.xctest */ = {isa = PBXFileReference; explicitFileType = wrapper.cfbundle; includeInIndex = 0; path = APPTests.xctest; sourceTree = BUILT_PRODUCTS_DIR; };
		6346582020C5651C00F5933C /* APPTests.swift */ = {isa = PBXFileReference; lastKnownFileType = sourcecode.swift; path = APPTests.swift; sourceTree = "<group>"; };
		6346582220C5651C00F5933C /* Info.plist */ = {isa = PBXFileReference; lastKnownFileType = text.plist.xml; path = Info.plist; sourceTree = "<group>"; };
		6346582720C5651C00F5933C /* APPUITests.xctest */ = {isa = PBXFileReference; explicitFileType = wrapper.cfbundle; includeInIndex = 0; path = APPUITests.xctest; sourceTree = BUILT_PRODUCTS_DIR; };
		6346582B20C5651C00F5933C /* APPUITests.swift */ = {isa = PBXFileReference; lastKnownFileType = sourcecode.swift; path = APPUITests.swift; sourceTree = "<group>"; };
		6346582D20C5651C00F5933C /* Info.plist */ = {isa = PBXFileReference; lastKnownFileType = text.plist.xml; path = Info.plist; sourceTree = "<group>"; };
		6346583920CEDACC00F5933C /* パリン.jpg */ = {isa = PBXFileReference; lastKnownFileType = image.jpeg; path = "パリン.jpg"; sourceTree = "<group>"; };
		6346583B20CEDADD00F5933C /* リラーロン.jpg */ = {isa = PBXFileReference; lastKnownFileType = image.jpeg; path = "リラーロン.jpg"; sourceTree = "<group>"; };
		6346583C20CEDADD00F5933C /* ミュウ.bmp */ = {isa = PBXFileReference; lastKnownFileType = image.bmp; path = "ミュウ.bmp"; sourceTree = "<group>"; };
		6346583D20CEDADD00F5933C /* ふぅあいやーーー.jpg */ = {isa = PBXFileReference; lastKnownFileType = image.jpeg; path = "ふぅあいやーーー.jpg"; sourceTree = "<group>"; };
		6346583E20CEDADE00F5933C /* ぷりん.jpg */ = {isa = PBXFileReference; lastKnownFileType = image.jpeg; path = "ぷりん.jpg"; sourceTree = "<group>"; };
/* End PBXFileReference section */

/* Begin PBXFrameworksBuildPhase section */
		6346580220C5651A00F5933C /* Frameworks */ = {
			isa = PBXFrameworksBuildPhase;
			buildActionMask = 2147483647;
			files = (
			);
			runOnlyForDeploymentPostprocessing = 0;
		};
		6346581920C5651C00F5933C /* Frameworks */ = {
			isa = PBXFrameworksBuildPhase;
			buildActionMask = 2147483647;
			files = (
			);
			runOnlyForDeploymentPostprocessing = 0;
		};
		6346582420C5651C00F5933C /* Frameworks */ = {
			isa = PBXFrameworksBuildPhase;
			buildActionMask = 2147483647;
			files = (
			);
			runOnlyForDeploymentPostprocessing = 0;
		};
/* End PBXFrameworksBuildPhase section */

/* Begin PBXGroup section */
		634657FC20C5651A00F5933C = {
			isa = PBXGroup;
			children = (
				6346580720C5651A00F5933C /* APP */,
				6346581F20C5651C00F5933C /* APPTests */,
				6346582A20C5651C00F5933C /* APPUITests */,
				6346580620C5651A00F5933C /* Products */,
			);
			sourceTree = "<group>";
		};
		6346580620C5651A00F5933C /* Products */ = {
			isa = PBXGroup;
			children = (
				6346580520C5651A00F5933C /* APP.app */,
				6346581C20C5651C00F5933C /* APPTests.xctest */,
				6346582720C5651C00F5933C /* APPUITests.xctest */,
			);
			name = Products;
			sourceTree = "<group>";
		};
		6346580720C5651A00F5933C /* APP */ = {
			isa = PBXGroup;
			children = (
				6346583D20CEDADD00F5933C /* ふぅあいやーーー.jpg */,
				6346583E20CEDADE00F5933C /* ぷりん.jpg */,
				6346583C20CEDADD00F5933C /* ミュウ.bmp */,
				6346583B20CEDADD00F5933C /* リラーロン.jpg */,
				6346583920CEDACC00F5933C /* パリン.jpg */,
				6346580820C5651A00F5933C /* AppDelegate.swift */,
				6346580A20C5651A00F5933C /* ViewController.swift */,
				6346580C20C5651A00F5933C /* Main.storyboard */,
				6346581220C5651C00F5933C /* Assets.xcassets */,
				6346581420C5651C00F5933C /* LaunchScreen.storyboard */,
				6346581720C5651C00F5933C /* Info.plist */,
				6346580F20C5651A00F5933C /* APP.xcdatamodeld */,
			);
			path = APP;
			sourceTree = "<group>";
		};
		6346581F20C5651C00F5933C /* APPTests */ = {
			isa = PBXGroup;
			children = (
				6346582020C5651C00F5933C /* APPTests.swift */,
				6346582220C5651C00F5933C /* Info.plist */,
			);
			path = APPTests;
			sourceTree = "<group>";
		};
		6346582A20C5651C00F5933C /* APPUITests */ = {
			isa = PBXGroup;
			children = (
				6346582B20C5651C00F5933C /* APPUITests.swift */,
				6346582D20C5651C00F5933C /* Info.plist */,
			);
			path = APPUITests;
			sourceTree = "<group>";
		};
/* End PBXGroup section */

/* Begin PBXNativeTarget section */
		6346580420C5651A00F5933C /* APP */ = {
			isa = PBXNativeTarget;
			buildConfigurationList = 6346583020C5651C00F5933C /* Build configuration list for PBXNativeTarget "APP" */;
			buildPhases = (
				6346580120C5651A00F5933C /* Sources */,
				6346580220C5651A00F5933C /* Frameworks */,
				6346580320C5651A00F5933C /* Resources */,
			);
			buildRules = (
			);
			dependencies = (
			);
			name = APP;
			productName = APP;
			productReference = 6346580520C5651A00F5933C /* APP.app */;
			productType = "com.apple.product-type.application";
		};
		6346581B20C5651C00F5933C /* APPTests */ = {
			isa = PBXNativeTarget;
			buildConfigurationList = 6346583320C5651C00F5933C /* Build configuration list for PBXNativeTarget "APPTests" */;
			buildPhases = (
				6346581820C5651C00F5933C /* Sources */,
				6346581920C5651C00F5933C /* Frameworks */,
				6346581A20C5651C00F5933C /* Resources */,
			);
			buildRules = (
			);
			dependencies = (
				6346581E20C5651C00F5933C /* PBXTargetDependency */,
			);
			name = APPTests;
			productName = APPTests;
			productReference = 6346581C20C5651C00F5933C /* APPTests.xctest */;
			productType = "com.apple.product-type.bundle.unit-test";
		};
		6346582620C5651C00F5933C /* APPUITests */ = {
			isa = PBXNativeTarget;
			buildConfigurationList = 6346583620C5651C00F5933C /* Build configuration list for PBXNativeTarget "APPUITests" */;
			buildPhases = (
				6346582320C5651C00F5933C /* Sources */,
				6346582420C5651C00F5933C /* Frameworks */,
				6346582520C5651C00F5933C /* Resources */,
			);
			buildRules = (
			);
			dependencies = (
				6346582920C5651C00F5933C /* PBXTargetDependency */,
			);
			name = APPUITests;
			productName = APPUITests;
			productReference = 6346582720C5651C00F5933C /* APPUITests.xctest */;
			productType = "com.apple.product-type.bundle.ui-testing";
		};
/* End PBXNativeTarget section */

/* Begin PBXProject section */
		634657FD20C5651A00F5933C /* Project object */ = {
			isa = PBXProject;
			attributes = {
				LastSwiftUpdateCheck = 0930;
				LastUpgradeCheck = 0930;
				ORGANIZATIONNAME = myname;
				TargetAttributes = {
					6346580420C5651A00F5933C = {
						CreatedOnToolsVersion = 9.3;
					};
					6346581B20C5651C00F5933C = {
						CreatedOnToolsVersion = 9.3;
						TestTargetID = 6346580420C5651A00F5933C;
					};
					6346582620C5651C00F5933C = {
						CreatedOnToolsVersion = 9.3;
						TestTargetID = 6346580420C5651A00F5933C;
					};
				};
			};
			buildConfigurationList = 6346580020C5651A00F5933C /* Build configuration list for PBXProject "APP" */;
			compatibilityVersion = "Xcode 9.3";
			developmentRegion = en;
			hasScannedForEncodings = 0;
			knownRegions = (
				en,
				Base,
			);
			mainGroup = 634657FC20C5651A00F5933C;
			productRefGroup = 6346580620C5651A00F5933C /* Products */;
			projectDirPath = "";
			projectRoot = "";
			targets = (
				6346580420C5651A00F5933C /* APP */,
				6346581B20C5651C00F5933C /* APPTests */,
				6346582620C5651C00F5933C /* APPUITests */,
			);
		};
/* End PBXProject section */

/* Begin PBXResourcesBuildPhase section */
		6346580320C5651A00F5933C /* Resources */ = {
			isa = PBXResourcesBuildPhase;
			buildActionMask = 2147483647;
			files = (
				6346584020CEDADE00F5933C /* ミュウ.bmp in Resources */,
				6346583F20CEDADE00F5933C /* リラーロン.jpg in Resources */,
				6346581620C5651C00F5933C /* LaunchScreen.storyboard in Resources */,
				6346584220CEDADE00F5933C /* ぷりん.jpg in Resources */,
				6346583A20CEDACC00F5933C /* パリン.jpg in Resources */,
				6346581320C5651C00F5933C /* Assets.xcassets in Resources */,
				6346580E20C5651A00F5933C /* Main.storyboard in Resources */,
				6346584120CEDADE00F5933C /* ふぅあいやーーー.jpg in Resources */,
			);
			runOnlyForDeploymentPostprocessing = 0;
		};
		6346581A20C5651C00F5933C /* Resources */ = {
			isa = PBXResourcesBuildPhase;
			buildActionMask = 2147483647;
			files = (
			);
			runOnlyForDeploymentPostprocessing = 0;
		};
		6346582520C5651C00F5933C /* Resources */ = {
			isa = PBXResourcesBuildPhase;
			buildActionMask = 2147483647;
			files = (
			);
			runOnlyForDeploymentPostprocessing = 0;
		};
/* End PBXResourcesBuildPhase section */

/* Begin PBXSourcesBuildPhase section */
		6346580120C5651A00F5933C /* Sources */ = {
			isa = PBXSourcesBuildPhase;
			buildActionMask = 2147483647;
			files = (
				6346581120C5651A00F5933C /* APP.xcdatamodeld in Sources */,
				6346580B20C5651A00F5933C /* ViewController.swift in Sources */,
				6346580920C5651A00F5933C /* AppDelegate.swift in Sources */,
			);
			runOnlyForDeploymentPostprocessing = 0;
		};
		6346581820C5651C00F5933C /* Sources */ = {
			isa = PBXSourcesBuildPhase;
			buildActionMask = 2147483647;
			files = (
				6346582120C5651C00F5933C /* APPTests.swift in Sources */,
			);
			runOnlyForDeploymentPostprocessing = 0;
		};
		6346582320C5651C00F5933C /* Sources */ = {
			isa = PBXSourcesBuildPhase;
			buildActionMask = 2147483647;
			files = (
				6346582C20C5651C00F5933C /* APPUITests.swift in Sources */,
			);
			runOnlyForDeploymentPostprocessing = 0;
		};
/* End PBXSourcesBuildPhase section */

/* Begin PBXTargetDependency section */
		6346581E20C5651C00F5933C /* PBXTargetDependency */ = {
			isa = PBXTargetDependency;
			target = 6346580420C5651A00F5933C /* APP */;
			targetProxy = 6346581D20C5651C00F5933C /* PBXContainerItemProxy */;
		};
		6346582920C5651C00F5933C /* PBXTargetDependency */ = {
			isa = PBXTargetDependency;
			target = 6346580420C5651A00F5933C /* APP */;
			targetProxy = 6346582820C5651C00F5933C /* PBXContainerItemProxy */;
		};
/* End PBXTargetDependency section */

/* Begin PBXVariantGroup section */
		6346580C20C5651A00F5933C /* Main.storyboard */ = {
			isa = PBXVariantGroup;
			children = (
				6346580D20C5651A00F5933C /* Base */,
			);
			name = Main.storyboard;
			sourceTree = "<group>";
		};
		6346581420C5651C00F5933C /* LaunchScreen.storyboard */ = {
			isa = PBXVariantGroup;
			children = (
				6346581520C5651C00F5933C /* Base */,
			);
			name = LaunchScreen.storyboard;
			sourceTree = "<group>";
		};
/* End PBXVariantGroup section */

/* Begin XCBuildConfiguration section */
		6346582E20C5651C00F5933C /* Debug */ = {
			isa = XCBuildConfiguration;
			buildSettings = {
				ALWAYS_SEARCH_USER_PATHS = NO;
				CLANG_ANALYZER_NONNULL = YES;
				CLANG_ANALYZER_NUMBER_OBJECT_CONVERSION = YES_AGGRESSIVE;
				CLANG_CXX_LANGUAGE_STANDARD = "gnu++14";
				CLANG_CXX_LIBRARY = "libc++";
				CLANG_ENABLE_MODULES = YES;
				CLANG_ENABLE_OBJC_ARC = YES;
				CLANG_ENABLE_OBJC_WEAK = YES;
				CLANG_WARN_BLOCK_CAPTURE_AUTORELEASING = YES;
				CLANG_WARN_BOOL_CONVERSION = YES;
				CLANG_WARN_COMMA = YES;
				CLANG_WARN_CONSTANT_CONVERSION = YES;
				CLANG_WARN_DEPRECATED_OBJC_IMPLEMENTATIONS = YES;
				CLANG_WARN_DIRECT_OBJC_ISA_USAGE = YES_ERROR;
				CLANG_WARN_DOCUMENTATION_COMMENTS = YES;
				CLANG_WARN_EMPTY_BODY = YES;
				CLANG_WARN_ENUM_CONVERSION = YES;
				CLANG_WARN_INFINITE_RECURSION = YES;
				CLANG_WARN_INT_CONVERSION = YES;
				CLANG_WARN_NON_LITERAL_NULL_CONVERSION = YES;
				CLANG_WARN_OBJC_IMPLICIT_RETAIN_SELF = YES;
				CLANG_WARN_OBJC_LITERAL_CONVERSION = YES;
				CLANG_WARN_OBJC_ROOT_CLASS = YES_ERROR;
				CLANG_WARN_RANGE_LOOP_ANALYSIS = YES;
				CLANG_WARN_STRICT_PROTOTYPES = YES;
				CLANG_WARN_SUSPICIOUS_MOVE = YES;
				CLANG_WARN_UNGUARDED_AVAILABILITY = YES_AGGRESSIVE;
				CLANG_WARN_UNREACHABLE_CODE = YES;
				CLANG_WARN__DUPLICATE_METHOD_MATCH = YES;
				CODE_SIGN_IDENTITY = "iPhone Developer";
				COPY_PHASE_STRIP = NO;
				DEBUG_INFORMATION_FORMAT = dwarf;
				ENABLE_STRICT_OBJC_MSGSEND = YES;
				ENABLE_TESTABILITY = YES;
				GCC_C_LANGUAGE_STANDARD = gnu11;
				GCC_DYNAMIC_NO_PIC = NO;
				GCC_NO_COMMON_BLOCKS = YES;
				GCC_OPTIMIZATION_LEVEL = 0;
				GCC_PREPROCESSOR_DEFINITIONS = (
					"DEBUG=1",
					"$(inherited)",
				);
				GCC_WARN_64_TO_32_BIT_CONVERSION = YES;
				GCC_WARN_ABOUT_RETURN_TYPE = YES_ERROR;
				GCC_WARN_UNDECLARED_SELECTOR = YES;
				GCC_WARN_UNINITIALIZED_AUTOS = YES_AGGRESSIVE;
				GCC_WARN_UNUSED_FUNCTION = YES;
				GCC_WARN_UNUSED_VARIABLE = YES;
				IPHONEOS_DEPLOYMENT_TARGET = 11.3;
				MTL_ENABLE_DEBUG_INFO = YES;
				ONLY_ACTIVE_ARCH = YES;
				SDKROOT = iphoneos;
				SWIFT_ACTIVE_COMPILATION_CONDITIONS = DEBUG;
				SWIFT_OPTIMIZATION_LEVEL = "-Onone";
			};
			name = Debug;
		};
		6346582F20C5651C00F5933C /* Release */ = {
			isa = XCBuildConfiguration;
			buildSettings = {
				ALWAYS_SEARCH_USER_PATHS = NO;
				CLANG_ANALYZER_NONNULL = YES;
				CLANG_ANALYZER_NUMBER_OBJECT_CONVERSION = YES_AGGRESSIVE;
				CLANG_CXX_LANGUAGE_STANDARD = "gnu++14";
				CLANG_CXX_LIBRARY = "libc++";
				CLANG_ENABLE_MODULES = YES;
				CLANG_ENABLE_OBJC_ARC = YES;
				CLANG_ENABLE_OBJC_WEAK = YES;
				CLANG_WARN_BLOCK_CAPTURE_AUTORELEASING = YES;
				CLANG_WARN_BOOL_CONVERSION = YES;
				CLANG_WARN_COMMA = YES;
				CLANG_WARN_CONSTANT_CONVERSION = YES;
				CLANG_WARN_DEPRECATED_OBJC_IMPLEMENTATIONS = YES;
				CLANG_WARN_DIRECT_OBJC_ISA_USAGE = YES_ERROR;
				CLANG_WARN_DOCUMENTATION_COMMENTS = YES;
				CLANG_WARN_EMPTY_BODY = YES;
				CLANG_WARN_ENUM_CONVERSION = YES;
				CLANG_WARN_INFINITE_RECURSION = YES;
				CLANG_WARN_INT_CONVERSION = YES;
				CLANG_WARN_NON_LITERAL_NULL_CONVERSION = YES;
				CLANG_WARN_OBJC_IMPLICIT_RETAIN_SELF = YES;
				CLANG_WARN_OBJC_LITERAL_CONVERSION = YES;
				CLANG_WARN_OBJC_ROOT_CLASS = YES_ERROR;
				CLANG_WARN_RANGE_LOOP_ANALYSIS = YES;
				CLANG_WARN_STRICT_PROTOTYPES = YES;
				CLANG_WARN_SUSPICIOUS_MOVE = YES;
				CLANG_WARN_UNGUARDED_AVAILABILITY = YES_AGGRESSIVE;
				CLANG_WARN_UNREACHABLE_CODE = YES;
				CLANG_WARN__DUPLICATE_METHOD_MATCH = YES;
				CODE_SIGN_IDENTITY = "iPhone Developer";
				COPY_PHASE_STRIP = NO;
				DEBUG_INFORMATION_FORMAT = "dwarf-with-dsym";
				ENABLE_NS_ASSERTIONS = NO;
				ENABLE_STRICT_OBJC_MSGSEND = YES;
				GCC_C_LANGUAGE_STANDARD = gnu11;
				GCC_NO_COMMON_BLOCKS = YES;
				GCC_WARN_64_TO_32_BIT_CONVERSION = YES;
				GCC_WARN_ABOUT_RETURN_TYPE = YES_ERROR;
				GCC_WARN_UNDECLARED_SELECTOR = YES;
				GCC_WARN_UNINITIALIZED_AUTOS = YES_AGGRESSIVE;
				GCC_WARN_UNUSED_FUNCTION = YES;
				GCC_WARN_UNUSED_VARIABLE = YES;
				IPHONEOS_DEPLOYMENT_TARGET = 11.3;
				MTL_ENABLE_DEBUG_INFO = NO;
				SDKROOT = iphoneos;
				SWIFT_COMPILATION_MODE = wholemodule;
				SWIFT_OPTIMIZATION_LEVEL = "-O";
				VALIDATE_PRODUCT = YES;
			};
			name = Release;
		};
		6346583120C5651C00F5933C /* Debug */ = {
			isa = XCBuildConfiguration;
			buildSettings = {
				ASSETCATALOG_COMPILER_APPICON_NAME = AppIcon;
				CODE_SIGN_STYLE = Automatic;
				INFOPLIST_FILE = APP/Info.plist;
				LD_RUNPATH_SEARCH_PATHS = (
					"$(inherited)",
					"@executable_path/Frameworks",
				);
				PRODUCT_BUNDLE_IDENTIFIER = com.myname.APP;
				PRODUCT_NAME = "$(TARGET_NAME)";
				SWIFT_VERSION = 4.0;
				TARGETED_DEVICE_FAMILY = "1,2";
			};
			name = Debug;
		};
		6346583220C5651C00F5933C /* Release */ = {
			isa = XCBuildConfiguration;
			buildSettings = {
				ASSETCATALOG_COMPILER_APPICON_NAME = AppIcon;
				CODE_SIGN_STYLE = Automatic;
				INFOPLIST_FILE = APP/Info.plist;
				LD_RUNPATH_SEARCH_PATHS = (
					"$(inherited)",
					"@executable_path/Frameworks",
				);
				PRODUCT_BUNDLE_IDENTIFIER = com.myname.APP;
				PRODUCT_NAME = "$(TARGET_NAME)";
				SWIFT_VERSION = 4.0;
				TARGETED_DEVICE_FAMILY = "1,2";
			};
			name = Release;
		};
		6346583420C5651C00F5933C /* Debug */ = {
			isa = XCBuildConfiguration;
			buildSettings = {
				ALWAYS_EMBED_SWIFT_STANDARD_LIBRARIES = YES;
				BUNDLE_LOADER = "$(TEST_HOST)";
				CODE_SIGN_STYLE = Automatic;
				INFOPLIST_FILE = APPTests/Info.plist;
				LD_RUNPATH_SEARCH_PATHS = (
					"$(inherited)",
					"@executable_path/Frameworks",
					"@loader_path/Frameworks",
				);
				PRODUCT_BUNDLE_IDENTIFIER = com.myname.APPTests;
				PRODUCT_NAME = "$(TARGET_NAME)";
				SWIFT_VERSION = 4.0;
				TARGETED_DEVICE_FAMILY = "1,2";
				TEST_HOST = "$(BUILT_PRODUCTS_DIR)/APP.app/APP";
			};
			name = Debug;
		};
		6346583520C5651C00F5933C /* Release */ = {
			isa = XCBuildConfiguration;
			buildSettings = {
				ALWAYS_EMBED_SWIFT_STANDARD_LIBRARIES = YES;
				BUNDLE_LOADER = "$(TEST_HOST)";
				CODE_SIGN_STYLE = Automatic;
				INFOPLIST_FILE = APPTests/Info.plist;
				LD_RUNPATH_SEARCH_PATHS = (
					"$(inherited)",
					"@executable_path/Frameworks",
					"@loader_path/Frameworks",
				);
				PRODUCT_BUNDLE_IDENTIFIER = com.myname.APPTests;
				PRODUCT_NAME = "$(TARGET_NAME)";
				SWIFT_VERSION = 4.0;
				TARGETED_DEVICE_FAMILY = "1,2";
				TEST_HOST = "$(BUILT_PRODUCTS_DIR)/APP.app/APP";
			};
			name = Release;
		};
		6346583720C5651C00F5933C /* Debug */ = {
			isa = XCBuildConfiguration;
			buildSettings = {
				ALWAYS_EMBED_SWIFT_STANDARD_LIBRARIES = YES;
				CODE_SIGN_STYLE = Automatic;
				INFOPLIST_FILE = APPUITests/Info.plist;
				LD_RUNPATH_SEARCH_PATHS = (
					"$(inherited)",
					"@executable_path/Frameworks",
					"@loader_path/Frameworks",
				);
				PRODUCT_BUNDLE_IDENTIFIER = com.myname.APPUITests;
				PRODUCT_NAME = "$(TARGET_NAME)";
				SWIFT_VERSION = 4.0;
				TARGETED_DEVICE_FAMILY = "1,2";
				TEST_TARGET_NAME = APP;
			};
			name = Debug;
		};
		6346583820C5651C00F5933C /* Release */ = {
			isa = XCBuildConfiguration;
			buildSettings = {
				ALWAYS_EMBED_SWIFT_STANDARD_LIBRARIES = YES;
				CODE_SIGN_STYLE = Automatic;
				INFOPLIST_FILE = APPUITests/Info.plist;
				LD_RUNPATH_SEARCH_PATHS = (
					"$(inherited)",
					"@executable_path/Frameworks",
					"@loader_path/Frameworks",
				);
				PRODUCT_BUNDLE_IDENTIFIER = com.myname.APPUITests;
				PRODUCT_NAME = "$(TARGET_NAME)";
				SWIFT_VERSION = 4.0;
				TARGETED_DEVICE_FAMILY = "1,2";
				TEST_TARGET_NAME = APP;
			};
			name = Release;
		};
/* End XCBuildConfiguration section */

/* Begin XCConfigurationList section */
		6346580020C5651A00F5933C /* Build configuration list for PBXProject "APP" */ = {
			isa = XCConfigurationList;
			buildConfigurations = (
				6346582E20C5651C00F5933C /* Debug */,
				6346582F20C5651C00F5933C /* Release */,
			);
			defaultConfigurationIsVisible = 0;
			defaultConfigurationName = Release;
		};
		6346583020C5651C00F5933C /* Build configuration list for PBXNativeTarget "APP" */ = {
			isa = XCConfigurationList;
			buildConfigurations = (
				6346583120C5651C00F5933C /* Debug */,
				6346583220C5651C00F5933C /* Release */,
			);
			defaultConfigurationIsVisible = 0;
			defaultConfigurationName = Release;
		};
		6346583320C5651C00F5933C /* Build configuration list for PBXNativeTarget "APPTests" */ = {
			isa = XCConfigurationList;
			buildConfigurations = (
				6346583420C5651C00F5933C /* Debug */,
				6346583520C5651C00F5933C /* Release */,
			);
			defaultConfigurationIsVisible = 0;
			defaultConfigurationName = Release;
		};
		6346583620C5651C00F5933C /* Build configuration list for PBXNativeTarget "APPUITests" */ = {
			isa = XCConfigurationList;
			buildConfigurations = (
				6346583720C5651C00F5933C /* Debug */,
				6346583820C5651C00F5933C /* Release */,
			);
			defaultConfigurationIsVisible = 0;
			defaultConfigurationName = Release;
		};
/* End XCConfigurationList section */

/* Begin XCVersionGroup section */
		6346580F20C5651A00F5933C /* APP.xcdatamodeld */ = {
			isa = XCVersionGroup;
			children = (
				6346581020C5651A00F5933C /* APP.xcdatamodel */,
			);
			currentVersion = 6346581020C5651A00F5933C /* APP.xcdatamodel */;
			path = APP.xcdatamodeld;
			sourceTree = "<group>";
			versionGroupType = wrapper.xcdatamodel;
		};
/* End XCVersionGroup section */
	};
	rootObject = 634657FD20C5651A00F5933C /* Project object */;
}
